
Microsoft Visual Studio Solution File, Format Version 12.00
# Visual Studio Version 17
VisualStudioVersion = 17.3.32929.385
MinimumVisualStudioVersion = 10.0.40219.1
Project("{FAE04EC0-301F-11D3-BF4B-00C04F79EFBC}") = "Sleep", "Sleep.csproj", "{A8B1EE22-6016-4853-B2F2-CDF77D204275}"
EndProject
Global
	GlobalSection(SolutionConfigurationPlatforms) = preSolution
		Debug|Any CPU = Debug|Any CPU
		Release|Any CPU = Release|Any CPU
	EndGlobalSection
	GlobalSection(ProjectConfigurationPlatforms) = postSolution
		{A8B1EE22-6016-4853-B2F2-CDF77D204275}.Debug|Any CPU.ActiveCfg = Debug|Any CPU
		{A8B1EE22-6016-4853-B2F2-CDF77D204275}.Debug|Any CPU.Build.0 = Debug|Any CPU
		{A8B1EE22-6016-4853-B2F2-CDF77D204275}.Release|Any CPU.ActiveCfg = Release|Any CPU
		{A8B1EE22-6016-4853-B2F2-CDF77D204275}.Release|Any CPU.Build.0 = Release|Any CPU
	EndGlobalSection
	GlobalSection(SolutionProperties) = preSolution
		HideSolutionNode = FALSE
	EndGlobalSection
	GlobalSection(ExtensibilityGlobals) = postSolution
		SolutionGuid = {5D0E868D-4A8A-412C-BDAD-C4D1798C7A70}
	EndGlobalSection
EndGlobal
