
Microsoft Visual Studio Solution File, Format Version 12.00
# Visual Studio Version 17
VisualStudioVersion = 17.3.32929.385
MinimumVisualStudioVersion = 10.0.40219.1
Project("{FAE04EC0-301F-11D3-BF4B-00C04F79EFBC}") = "Exceções", "Exceções\Exceções.csproj", "{95689450-FE9D-4F25-BDA4-DE562FB6F134}"
EndProject
Global
	GlobalSection(SolutionConfigurationPlatforms) = preSolution
		Debug|Any CPU = Debug|Any CPU
		Release|Any CPU = Release|Any CPU
	EndGlobalSection
	GlobalSection(ProjectConfigurationPlatforms) = postSolution
		{95689450-FE9D-4F25-BDA4-DE562FB6F134}.Debug|Any CPU.ActiveCfg = Debug|Any CPU
		{95689450-FE9D-4F25-BDA4-DE562FB6F134}.Debug|Any CPU.Build.0 = Debug|Any CPU
		{95689450-FE9D-4F25-BDA4-DE562FB6F134}.Release|Any CPU.ActiveCfg = Release|Any CPU
		{95689450-FE9D-4F25-BDA4-DE562FB6F134}.Release|Any CPU.Build.0 = Release|Any CPU
	EndGlobalSection
	GlobalSection(SolutionProperties) = preSolution
		HideSolutionNode = FALSE
	EndGlobalSection
	GlobalSection(ExtensibilityGlobals) = postSolution
		SolutionGuid = {A5690856-B90B-4996-8581-4C5D6A8B9F1B}
	EndGlobalSection
EndGlobal
