
Microsoft Visual Studio Solution File, Format Version 12.00
# Visual Studio Version 17
VisualStudioVersion = 17.3.32929.385
MinimumVisualStudioVersion = 10.0.40219.1
Project("{FAE04EC0-301F-11D3-BF4B-00C04F79EFBC}") = "MetodosRecap", "MetodosRecap\MetodosRecap.csproj", "{684CDCB4-70DE-4233-9E31-8E6DE9DFA5FC}"
EndProject
Global
	GlobalSection(SolutionConfigurationPlatforms) = preSolution
		Debug|Any CPU = Debug|Any CPU
		Release|Any CPU = Release|Any CPU
	EndGlobalSection
	GlobalSection(ProjectConfigurationPlatforms) = postSolution
		{684CDCB4-70DE-4233-9E31-8E6DE9DFA5FC}.Debug|Any CPU.ActiveCfg = Debug|Any CPU
		{684CDCB4-70DE-4233-9E31-8E6DE9DFA5FC}.Debug|Any CPU.Build.0 = Debug|Any CPU
		{684CDCB4-70DE-4233-9E31-8E6DE9DFA5FC}.Release|Any CPU.ActiveCfg = Release|Any CPU
		{684CDCB4-70DE-4233-9E31-8E6DE9DFA5FC}.Release|Any CPU.Build.0 = Release|Any CPU
	EndGlobalSection
	GlobalSection(SolutionProperties) = preSolution
		HideSolutionNode = FALSE
	EndGlobalSection
	GlobalSection(ExtensibilityGlobals) = postSolution
		SolutionGuid = {7FF6AC0E-FA58-42F3-ACC9-7650B7101774}
	EndGlobalSection
EndGlobal
