
Microsoft Visual Studio Solution File, Format Version 12.00
# Visual Studio Version 17
VisualStudioVersion = 17.3.32929.385
MinimumVisualStudioVersion = 10.0.40219.1
Project("{FAE04EC0-301F-11D3-BF4B-00C04F79EFBC}") = "Mutex e Semaphore", "Mutex e Semaphore.csproj", "{09469957-8905-445B-8C7E-78A426C3B90D}"
EndProject
Global
	GlobalSection(SolutionConfigurationPlatforms) = preSolution
		Debug|Any CPU = Debug|Any CPU
		Release|Any CPU = Release|Any CPU
	EndGlobalSection
	GlobalSection(ProjectConfigurationPlatforms) = postSolution
		{09469957-8905-445B-8C7E-78A426C3B90D}.Debug|Any CPU.ActiveCfg = Debug|Any CPU
		{09469957-8905-445B-8C7E-78A426C3B90D}.Debug|Any CPU.Build.0 = Debug|Any CPU
		{09469957-8905-445B-8C7E-78A426C3B90D}.Release|Any CPU.ActiveCfg = Release|Any CPU
		{09469957-8905-445B-8C7E-78A426C3B90D}.Release|Any CPU.Build.0 = Release|Any CPU
	EndGlobalSection
	GlobalSection(SolutionProperties) = preSolution
		HideSolutionNode = FALSE
	EndGlobalSection
	GlobalSection(ExtensibilityGlobals) = postSolution
		SolutionGuid = {D14680D1-95D1-4399-9947-C27D998BABD5}
	EndGlobalSection
EndGlobal
