
Microsoft Visual Studio Solution File, Format Version 12.00
# Visual Studio Version 17
VisualStudioVersion = 17.3.32929.385
MinimumVisualStudioVersion = 10.0.40219.1
Project("{FAE04EC0-301F-11D3-BF4B-00C04F79EFBC}") = "ProjetoPrincipal", "ProjetoPrincipal.csproj", "{D60F2AF1-88F2-429F-87D8-915A651E91B9}"
EndProject
Global
	GlobalSection(SolutionConfigurationPlatforms) = preSolution
		Debug|Any CPU = Debug|Any CPU
		Release|Any CPU = Release|Any CPU
	EndGlobalSection
	GlobalSection(ProjectConfigurationPlatforms) = postSolution
		{D60F2AF1-88F2-429F-87D8-915A651E91B9}.Debug|Any CPU.ActiveCfg = Debug|Any CPU
		{D60F2AF1-88F2-429F-87D8-915A651E91B9}.Debug|Any CPU.Build.0 = Debug|Any CPU
		{D60F2AF1-88F2-429F-87D8-915A651E91B9}.Release|Any CPU.ActiveCfg = Release|Any CPU
		{D60F2AF1-88F2-429F-87D8-915A651E91B9}.Release|Any CPU.Build.0 = Release|Any CPU
	EndGlobalSection
	GlobalSection(SolutionProperties) = preSolution
		HideSolutionNode = FALSE
	EndGlobalSection
	GlobalSection(ExtensibilityGlobals) = postSolution
		SolutionGuid = {DCE21FDC-28EA-45E3-84C3-B702F4B2090D}
	EndGlobalSection
EndGlobal
