
Microsoft Visual Studio Solution File, Format Version 12.00
# Visual Studio Version 17
VisualStudioVersion = 17.3.32929.385
MinimumVisualStudioVersion = 10.0.40219.1
Project("{FAE04EC0-301F-11D3-BF4B-00C04F79EFBC}") = "CarregandoDLL", "CarregandoDLL.csproj", "{7BE71B44-AEE4-49C5-AD0D-E63840BCA9FB}"
EndProject
Global
	GlobalSection(SolutionConfigurationPlatforms) = preSolution
		Debug|Any CPU = Debug|Any CPU
		Release|Any CPU = Release|Any CPU
	EndGlobalSection
	GlobalSection(ProjectConfigurationPlatforms) = postSolution
		{7BE71B44-AEE4-49C5-AD0D-E63840BCA9FB}.Debug|Any CPU.ActiveCfg = Debug|Any CPU
		{7BE71B44-AEE4-49C5-AD0D-E63840BCA9FB}.Debug|Any CPU.Build.0 = Debug|Any CPU
		{7BE71B44-AEE4-49C5-AD0D-E63840BCA9FB}.Release|Any CPU.ActiveCfg = Release|Any CPU
		{7BE71B44-AEE4-49C5-AD0D-E63840BCA9FB}.Release|Any CPU.Build.0 = Release|Any CPU
	EndGlobalSection
	GlobalSection(SolutionProperties) = preSolution
		HideSolutionNode = FALSE
	EndGlobalSection
	GlobalSection(ExtensibilityGlobals) = postSolution
		SolutionGuid = {245B0F29-3725-4FB1-875F-E131EC57BD79}
	EndGlobalSection
EndGlobal
