
Microsoft Visual Studio Solution File, Format Version 12.00
# Visual Studio Version 17
VisualStudioVersion = 17.3.32929.385
MinimumVisualStudioVersion = 10.0.40219.1
Project("{FAE04EC0-301F-11D3-BF4B-00C04F79EFBC}") = "HerançaDeClasses", "HerançaDeClasses.csproj", "{5FAADC87-F367-400E-85F1-DDA5D9117985}"
EndProject
Global
	GlobalSection(SolutionConfigurationPlatforms) = preSolution
		Debug|Any CPU = Debug|Any CPU
		Release|Any CPU = Release|Any CPU
	EndGlobalSection
	GlobalSection(ProjectConfigurationPlatforms) = postSolution
		{5FAADC87-F367-400E-85F1-DDA5D9117985}.Debug|Any CPU.ActiveCfg = Debug|Any CPU
		{5FAADC87-F367-400E-85F1-DDA5D9117985}.Debug|Any CPU.Build.0 = Debug|Any CPU
		{5FAADC87-F367-400E-85F1-DDA5D9117985}.Release|Any CPU.ActiveCfg = Release|Any CPU
		{5FAADC87-F367-400E-85F1-DDA5D9117985}.Release|Any CPU.Build.0 = Release|Any CPU
	EndGlobalSection
	GlobalSection(SolutionProperties) = preSolution
		HideSolutionNode = FALSE
	EndGlobalSection
	GlobalSection(ExtensibilityGlobals) = postSolution
		SolutionGuid = {BDC4969F-441B-4F3E-AF7C-CD04C9A323F4}
	EndGlobalSection
EndGlobal
