
Microsoft Visual Studio Solution File, Format Version 12.00
# Visual Studio Version 17
VisualStudioVersion = 17.3.32929.385
MinimumVisualStudioVersion = 10.0.40219.1
Project("{FAE04EC0-301F-11D3-BF4B-00C04F79EFBC}") = "StreamReader e StreamWriter", "StreamReader e StreamWriter\StreamReader e StreamWriter.csproj", "{F5012E69-EC13-4EFF-A3A0-14CDB789379E}"
EndProject
Global
	GlobalSection(SolutionConfigurationPlatforms) = preSolution
		Debug|Any CPU = Debug|Any CPU
		Release|Any CPU = Release|Any CPU
	EndGlobalSection
	GlobalSection(ProjectConfigurationPlatforms) = postSolution
		{F5012E69-EC13-4EFF-A3A0-14CDB789379E}.Debug|Any CPU.ActiveCfg = Debug|Any CPU
		{F5012E69-EC13-4EFF-A3A0-14CDB789379E}.Debug|Any CPU.Build.0 = Debug|Any CPU
		{F5012E69-EC13-4EFF-A3A0-14CDB789379E}.Release|Any CPU.ActiveCfg = Release|Any CPU
		{F5012E69-EC13-4EFF-A3A0-14CDB789379E}.Release|Any CPU.Build.0 = Release|Any CPU
	EndGlobalSection
	GlobalSection(SolutionProperties) = preSolution
		HideSolutionNode = FALSE
	EndGlobalSection
	GlobalSection(ExtensibilityGlobals) = postSolution
		SolutionGuid = {EC21BE46-D939-4D61-81A2-168D4E0525F1}
	EndGlobalSection
EndGlobal
