
Microsoft Visual Studio Solution File, Format Version 12.00
# Visual Studio Version 17
VisualStudioVersion = 17.3.32929.385
MinimumVisualStudioVersion = 10.0.40219.1
Project("{FAE04EC0-301F-11D3-BF4B-00C04F79EFBC}") = "ModificadorStaticEThis", "ModificadorStaticEThis.csproj", "{A7FC6B9B-6770-42D7-A8F5-AF885DE299E3}"
EndProject
Global
	GlobalSection(SolutionConfigurationPlatforms) = preSolution
		Debug|Any CPU = Debug|Any CPU
		Release|Any CPU = Release|Any CPU
	EndGlobalSection
	GlobalSection(ProjectConfigurationPlatforms) = postSolution
		{A7FC6B9B-6770-42D7-A8F5-AF885DE299E3}.Debug|Any CPU.ActiveCfg = Debug|Any CPU
		{A7FC6B9B-6770-42D7-A8F5-AF885DE299E3}.Debug|Any CPU.Build.0 = Debug|Any CPU
		{A7FC6B9B-6770-42D7-A8F5-AF885DE299E3}.Release|Any CPU.ActiveCfg = Release|Any CPU
		{A7FC6B9B-6770-42D7-A8F5-AF885DE299E3}.Release|Any CPU.Build.0 = Release|Any CPU
	EndGlobalSection
	GlobalSection(SolutionProperties) = preSolution
		HideSolutionNode = FALSE
	EndGlobalSection
	GlobalSection(ExtensibilityGlobals) = postSolution
		SolutionGuid = {255612D9-8104-4CE2-AD55-0B9B9E69FA6D}
	EndGlobalSection
EndGlobal
