
Microsoft Visual Studio Solution File, Format Version 12.00
# Visual Studio Version 17
VisualStudioVersion = 17.3.32929.385
MinimumVisualStudioVersion = 10.0.40219.1
Project("{FAE04EC0-301F-11D3-BF4B-00C04F79EFBC}") = "Interfaces", "Interfaces.csproj", "{4A02D455-3DFD-4924-AFE0-E21EE906C55D}"
EndProject
Global
	GlobalSection(SolutionConfigurationPlatforms) = preSolution
		Debug|Any CPU = Debug|Any CPU
		Release|Any CPU = Release|Any CPU
	EndGlobalSection
	GlobalSection(ProjectConfigurationPlatforms) = postSolution
		{4A02D455-3DFD-4924-AFE0-E21EE906C55D}.Debug|Any CPU.ActiveCfg = Debug|Any CPU
		{4A02D455-3DFD-4924-AFE0-E21EE906C55D}.Debug|Any CPU.Build.0 = Debug|Any CPU
		{4A02D455-3DFD-4924-AFE0-E21EE906C55D}.Release|Any CPU.ActiveCfg = Release|Any CPU
		{4A02D455-3DFD-4924-AFE0-E21EE906C55D}.Release|Any CPU.Build.0 = Release|Any CPU
	EndGlobalSection
	GlobalSection(SolutionProperties) = preSolution
		HideSolutionNode = FALSE
	EndGlobalSection
	GlobalSection(ExtensibilityGlobals) = postSolution
		SolutionGuid = {3677B76B-74B7-468E-97BD-2744C4D436A3}
	EndGlobalSection
EndGlobal
