
Microsoft Visual Studio Solution File, Format Version 12.00
# Visual Studio Version 17
VisualStudioVersion = 17.3.32929.385
MinimumVisualStudioVersion = 10.0.40219.1
Project("{FAE04EC0-301F-11D3-BF4B-00C04F79EFBC}") = "Async e Await", "Async e Await.csproj", "{EC941E79-F0CA-4E25-B5B4-30F435593107}"
EndProject
Global
	GlobalSection(SolutionConfigurationPlatforms) = preSolution
		Debug|Any CPU = Debug|Any CPU
		Release|Any CPU = Release|Any CPU
	EndGlobalSection
	GlobalSection(ProjectConfigurationPlatforms) = postSolution
		{EC941E79-F0CA-4E25-B5B4-30F435593107}.Debug|Any CPU.ActiveCfg = Debug|Any CPU
		{EC941E79-F0CA-4E25-B5B4-30F435593107}.Debug|Any CPU.Build.0 = Debug|Any CPU
		{EC941E79-F0CA-4E25-B5B4-30F435593107}.Release|Any CPU.ActiveCfg = Release|Any CPU
		{EC941E79-F0CA-4E25-B5B4-30F435593107}.Release|Any CPU.Build.0 = Release|Any CPU
	EndGlobalSection
	GlobalSection(SolutionProperties) = preSolution
		HideSolutionNode = FALSE
	EndGlobalSection
	GlobalSection(ExtensibilityGlobals) = postSolution
		SolutionGuid = {BAAA15F9-1EF0-480B-B953-A5C081F61D88}
	EndGlobalSection
EndGlobal
