
Microsoft Visual Studio Solution File, Format Version 12.00
# Visual Studio Version 17
VisualStudioVersion = 17.3.32929.385
MinimumVisualStudioVersion = 10.0.40219.1
Project("{FAE04EC0-301F-11D3-BF4B-00C04F79EFBC}") = "AprendendoKeyChar", "AprendendoKeyChar\AprendendoKeyChar.csproj", "{19F63FB1-11C9-4437-9F1C-0778D4F1F6C1}"
EndProject
Global
	GlobalSection(SolutionConfigurationPlatforms) = preSolution
		Debug|Any CPU = Debug|Any CPU
		Release|Any CPU = Release|Any CPU
	EndGlobalSection
	GlobalSection(ProjectConfigurationPlatforms) = postSolution
		{19F63FB1-11C9-4437-9F1C-0778D4F1F6C1}.Debug|Any CPU.ActiveCfg = Debug|Any CPU
		{19F63FB1-11C9-4437-9F1C-0778D4F1F6C1}.Debug|Any CPU.Build.0 = Debug|Any CPU
		{19F63FB1-11C9-4437-9F1C-0778D4F1F6C1}.Release|Any CPU.ActiveCfg = Release|Any CPU
		{19F63FB1-11C9-4437-9F1C-0778D4F1F6C1}.Release|Any CPU.Build.0 = Release|Any CPU
	EndGlobalSection
	GlobalSection(SolutionProperties) = preSolution
		HideSolutionNode = FALSE
	EndGlobalSection
	GlobalSection(ExtensibilityGlobals) = postSolution
		SolutionGuid = {2FB7CC5A-FA58-4AC9-AC68-5292E270264C}
	EndGlobalSection
EndGlobal
